version = 1
revision = 2
requires-python = ">=3.10"

[[package]]
name = "colorama"
version = "0.4.6"
source = { registry = "https://pypi.org/simple" }
sdist = { url = "https://files.pythonhosted.org/packages/d8/53/6f443c9a4a8358a93a6792e2acffb9d9d5cb0a5cfd8802644b7b1c9a02e4/colorama-0.4.6.tar.gz", hash = "sha256:08695f5cb7ed6e0531a20572697297273c47b8cae5a63ffc6d6ed5c201be6e44", size = 27697, upload-time = "2022-10-25T02:36:22.414Z" }
wheels = [
    { url = "https://files.pythonhosted.org/packages/d1/d6/3965ed04c63042e047cb6a3e6ed1a63a35087b6a609aa3a15ed8ac56c221/colorama-0.4.6-py2.py3-none-any.whl", hash = "sha256:4f1d9991f5acc0ca119f9d443620b77f9d6b33703e51011c16baf57afb285fc6", size = 25335, upload-time = "2022-10-25T02:36:20.889Z" },
]

[[package]]
name = "mslex"
version = "1.3.0"
source = { registry = "https://pypi.org/simple" }
sdist = { url = "https://files.pythonhosted.org/packages/e0/97/7022667073c99a0fe028f2e34b9bf76b49a611afd21b02527fbfd92d4cd5/mslex-1.3.0.tar.gz", hash = "sha256:641c887d1d3db610eee2af37a8e5abda3f70b3006cdfd2d0d29dc0d1ae28a85d", size = 11583, upload-time = "2024-10-16T13:16:18.523Z" }
wheels = [
    { url = "https://files.pythonhosted.org/packages/64/f2/66bd65ca0139675a0d7b18f0bada6e12b51a984e41a76dbe44761bf1b3ee/mslex-1.3.0-py3-none-any.whl", hash = "sha256:c7074b347201b3466fc077c5692fbce9b5f62a63a51f537a53fbbd02eff2eea4", size = 7820, upload-time = "2024-10-16T13:16:17.566Z" },
]

[[package]]
name = "parquetmatlab"
version = "0.1.0"
source = { virtual = "." }
dependencies = [
    { name = "pyarrow" },
    { name = "taskipy" },
]

[package.metadata]
requires-dist = [
    { name = "pyarrow", specifier = ">=21.0.0" },
    { name = "taskipy", specifier = ">=1.14.1" },
]

[[package]]
name = "psutil"
version = "6.1.1"
source = { registry = "https://pypi.org/simple" }
sdist = { url = "https://files.pythonhosted.org/packages/1f/5a/07871137bb752428aa4b659f910b399ba6f291156bdea939be3e96cae7cb/psutil-6.1.1.tar.gz", hash = "sha256:cf8496728c18f2d0b45198f06895be52f36611711746b7f30c464b422b50e2f5", size = 508502, upload-time = "2024-12-19T18:21:20.568Z" }
wheels = [
    { url = "https://files.pythonhosted.org/packages/61/99/ca79d302be46f7bdd8321089762dd4476ee725fce16fc2b2e1dbba8cac17/psutil-6.1.1-cp36-abi3-macosx_10_9_x86_64.whl", hash = "sha256:fc0ed7fe2231a444fc219b9c42d0376e0a9a1a72f16c5cfa0f68d19f1a0663e8", size = 247511, upload-time = "2024-12-19T18:21:45.163Z" },
    { url = "https://files.pythonhosted.org/packages/0b/6b/73dbde0dd38f3782905d4587049b9be64d76671042fdcaf60e2430c6796d/psutil-6.1.1-cp36-abi3-macosx_11_0_arm64.whl", hash = "sha256:0bdd4eab935276290ad3cb718e9809412895ca6b5b334f5a9111ee6d9aff9377", size = 248985, upload-time = "2024-12-19T18:21:49.254Z" },
    { url = "https://files.pythonhosted.org/packages/17/38/c319d31a1d3f88c5b79c68b3116c129e5133f1822157dd6da34043e32ed6/psutil-6.1.1-cp36-abi3-manylinux_2_12_i686.manylinux2010_i686.manylinux_2_17_i686.manylinux2014_i686.whl", hash = "sha256:b6e06c20c05fe95a3d7302d74e7097756d4ba1247975ad6905441ae1b5b66003", size = 284488, upload-time = "2024-12-19T18:21:51.638Z" },
    { url = "https://files.pythonhosted.org/packages/9c/39/0f88a830a1c8a3aba27fededc642da37613c57cbff143412e3536f89784f/psutil-6.1.1-cp36-abi3-manylinux_2_12_x86_64.manylinux2010_x86_64.manylinux_2_17_x86_64.manylinux2014_x86_64.whl", hash = "sha256:97f7cb9921fbec4904f522d972f0c0e1f4fabbdd4e0287813b21215074a0f160", size = 287477, upload-time = "2024-12-19T18:21:55.306Z" },
    { url = "https://files.pythonhosted.org/packages/47/da/99f4345d4ddf2845cb5b5bd0d93d554e84542d116934fde07a0c50bd4e9f/psutil-6.1.1-cp36-abi3-manylinux_2_17_aarch64.manylinux2014_aarch64.whl", hash = "sha256:33431e84fee02bc84ea36d9e2c4a6d395d479c9dd9bba2376c1f6ee8f3a4e0b3", size = 289017, upload-time = "2024-12-19T18:21:57.875Z" },
    { url = "https://files.pythonhosted.org/packages/38/53/bd755c2896f4461fd4f36fa6a6dcb66a88a9e4b9fd4e5b66a77cf9d4a584/psutil-6.1.1-cp37-abi3-win32.whl", hash = "sha256:eaa912e0b11848c4d9279a93d7e2783df352b082f40111e078388701fd479e53", size = 250602, upload-time = "2024-12-19T18:22:08.808Z" },
    { url = "https://files.pythonhosted.org/packages/7b/d7/7831438e6c3ebbfa6e01a927127a6cb42ad3ab844247f3c5b96bea25d73d/psutil-6.1.1-cp37-abi3-win_amd64.whl", hash = "sha256:f35cfccb065fff93529d2afb4a2e89e363fe63ca1e4a5da22b603a85833c2649", size = 254444, upload-time = "2024-12-19T18:22:11.335Z" },
]

[[package]]
name = "pyarrow"
version = "21.0.0"
source = { registry = "https://pypi.org/simple" }
sdist = { url = "https://files.pythonhosted.org/packages/ef/c2/ea068b8f00905c06329a3dfcd40d0fcc2b7d0f2e355bdb25b65e0a0e4cd4/pyarrow-21.0.0.tar.gz", hash = "sha256:5051f2dccf0e283ff56335760cbc8622cf52264d67e359d5569541ac11b6d5bc", size = 1133487, upload-time = "2025-07-18T00:57:31.761Z" }
wheels = [
    { url = "https://files.pythonhosted.org/packages/17/d9/110de31880016e2afc52d8580b397dbe47615defbf09ca8cf55f56c62165/pyarrow-21.0.0-cp310-cp310-macosx_12_0_arm64.whl", hash = "sha256:e563271e2c5ff4d4a4cbeb2c83d5cf0d4938b891518e676025f7268c6fe5fe26", size = 31196837, upload-time = "2025-07-18T00:54:34.755Z" },
    { url = "https://files.pythonhosted.org/packages/df/5f/c1c1997613abf24fceb087e79432d24c19bc6f7259cab57c2c8e5e545fab/pyarrow-21.0.0-cp310-cp310-macosx_12_0_x86_64.whl", hash = "sha256:fee33b0ca46f4c85443d6c450357101e47d53e6c3f008d658c27a2d020d44c79", size = 32659470, upload-time = "2025-07-18T00:54:38.329Z" },
    { url = "https://files.pythonhosted.org/packages/3e/ed/b1589a777816ee33ba123ba1e4f8f02243a844fed0deec97bde9fb21a5cf/pyarrow-21.0.0-cp310-cp310-manylinux_2_28_aarch64.whl", hash = "sha256:7be45519b830f7c24b21d630a31d48bcebfd5d4d7f9d3bdb49da9cdf6d764edb", size = 41055619, upload-time = "2025-07-18T00:54:42.172Z" },
    { url = "https://files.pythonhosted.org/packages/44/28/b6672962639e85dc0ac36f71ab3a8f5f38e01b51343d7aa372a6b56fa3f3/pyarrow-21.0.0-cp310-cp310-manylinux_2_28_x86_64.whl", hash = "sha256:26bfd95f6bff443ceae63c65dc7e048670b7e98bc892210acba7e4995d3d4b51", size = 42733488, upload-time = "2025-07-18T00:54:47.132Z" },
    { url = "https://files.pythonhosted.org/packages/f8/cc/de02c3614874b9089c94eac093f90ca5dfa6d5afe45de3ba847fd950fdf1/pyarrow-21.0.0-cp310-cp310-musllinux_1_2_aarch64.whl", hash = "sha256:bd04ec08f7f8bd113c55868bd3fc442a9db67c27af098c5f814a3091e71cc61a", size = 43329159, upload-time = "2025-07-18T00:54:51.686Z" },
    { url = "https://files.pythonhosted.org/packages/a6/3e/99473332ac40278f196e105ce30b79ab8affab12f6194802f2593d6b0be2/pyarrow-21.0.0-cp310-cp310-musllinux_1_2_x86_64.whl", hash = "sha256:9b0b14b49ac10654332a805aedfc0147fb3469cbf8ea951b3d040dab12372594", size = 45050567, upload-time = "2025-07-18T00:54:56.679Z" },
    { url = "https://files.pythonhosted.org/packages/7b/f5/c372ef60593d713e8bfbb7e0c743501605f0ad00719146dc075faf11172b/pyarrow-21.0.0-cp310-cp310-win_amd64.whl", hash = "sha256:9d9f8bcb4c3be7738add259738abdeddc363de1b80e3310e04067aa1ca596634", size = 26217959, upload-time = "2025-07-18T00:55:00.482Z" },
    { url = "https://files.pythonhosted.org/packages/94/dc/80564a3071a57c20b7c32575e4a0120e8a330ef487c319b122942d665960/pyarrow-21.0.0-cp311-cp311-macosx_12_0_arm64.whl", hash = "sha256:c077f48aab61738c237802836fc3844f85409a46015635198761b0d6a688f87b", size = 31243234, upload-time = "2025-07-18T00:55:03.812Z" },
    { url = "https://files.pythonhosted.org/packages/ea/cc/3b51cb2db26fe535d14f74cab4c79b191ed9a8cd4cbba45e2379b5ca2746/pyarrow-21.0.0-cp311-cp311-macosx_12_0_x86_64.whl", hash = "sha256:689f448066781856237eca8d1975b98cace19b8dd2ab6145bf49475478bcaa10", size = 32714370, upload-time = "2025-07-18T00:55:07.495Z" },
    { url = "https://files.pythonhosted.org/packages/24/11/a4431f36d5ad7d83b87146f515c063e4d07ef0b7240876ddb885e6b44f2e/pyarrow-21.0.0-cp311-cp311-manylinux_2_28_aarch64.whl", hash = "sha256:479ee41399fcddc46159a551705b89c05f11e8b8cb8e968f7fec64f62d91985e", size = 41135424, upload-time = "2025-07-18T00:55:11.461Z" },
    { url = "https://files.pythonhosted.org/packages/74/dc/035d54638fc5d2971cbf1e987ccd45f1091c83bcf747281cf6cc25e72c88/pyarrow-21.0.0-cp311-cp311-manylinux_2_28_x86_64.whl", hash = "sha256:40ebfcb54a4f11bcde86bc586cbd0272bac0d516cfa539c799c2453768477569", size = 42823810, upload-time = "2025-07-18T00:55:16.301Z" },
    { url = "https://files.pythonhosted.org/packages/2e/3b/89fced102448a9e3e0d4dded1f37fa3ce4700f02cdb8665457fcc8015f5b/pyarrow-21.0.0-cp311-cp311-musllinux_1_2_aarch64.whl", hash = "sha256:8d58d8497814274d3d20214fbb24abcad2f7e351474357d552a8d53bce70c70e", size = 43391538, upload-time = "2025-07-18T00:55:23.82Z" },
    { url = "https://files.pythonhosted.org/packages/fb/bb/ea7f1bd08978d39debd3b23611c293f64a642557e8141c80635d501e6d53/pyarrow-21.0.0-cp311-cp311-musllinux_1_2_x86_64.whl", hash = "sha256:585e7224f21124dd57836b1530ac8f2df2afc43c861d7bf3d58a4870c42ae36c", size = 45120056, upload-time = "2025-07-18T00:55:28.231Z" },
    { url = "https://files.pythonhosted.org/packages/6e/0b/77ea0600009842b30ceebc3337639a7380cd946061b620ac1a2f3cb541e2/pyarrow-21.0.0-cp311-cp311-win_amd64.whl", hash = "sha256:555ca6935b2cbca2c0e932bedd853e9bc523098c39636de9ad4693b5b1df86d6", size = 26220568, upload-time = "2025-07-18T00:55:32.122Z" },
    { url = "https://files.pythonhosted.org/packages/ca/d4/d4f817b21aacc30195cf6a46ba041dd1be827efa4a623cc8bf39a1c2a0c0/pyarrow-21.0.0-cp312-cp312-macosx_12_0_arm64.whl", hash = "sha256:3a302f0e0963db37e0a24a70c56cf91a4faa0bca51c23812279ca2e23481fccd", size = 31160305, upload-time = "2025-07-18T00:55:35.373Z" },
    { url = "https://files.pythonhosted.org/packages/a2/9c/dcd38ce6e4b4d9a19e1d36914cb8e2b1da4e6003dd075474c4cfcdfe0601/pyarrow-21.0.0-cp312-cp312-macosx_12_0_x86_64.whl", hash = "sha256:b6b27cf01e243871390474a211a7922bfbe3bda21e39bc9160daf0da3fe48876", size = 32684264, upload-time = "2025-07-18T00:55:39.303Z" },
    { url = "https://files.pythonhosted.org/packages/4f/74/2a2d9f8d7a59b639523454bec12dba35ae3d0a07d8ab529dc0809f74b23c/pyarrow-21.0.0-cp312-cp312-manylinux_2_28_aarch64.whl", hash = "sha256:e72a8ec6b868e258a2cd2672d91f2860ad532d590ce94cdf7d5e7ec674ccf03d", size = 41108099, upload-time = "2025-07-18T00:55:42.889Z" },
    { url = "https://files.pythonhosted.org/packages/ad/90/2660332eeb31303c13b653ea566a9918484b6e4d6b9d2d46879a33ab0622/pyarrow-21.0.0-cp312-cp312-manylinux_2_28_x86_64.whl", hash = "sha256:b7ae0bbdc8c6674259b25bef5d2a1d6af5d39d7200c819cf99e07f7dfef1c51e", size = 42829529, upload-time = "2025-07-18T00:55:47.069Z" },
    { url = "https://files.pythonhosted.org/packages/33/27/1a93a25c92717f6aa0fca06eb4700860577d016cd3ae51aad0e0488ac899/pyarrow-21.0.0-cp312-cp312-musllinux_1_2_aarch64.whl", hash = "sha256:58c30a1729f82d201627c173d91bd431db88ea74dcaa3885855bc6203e433b82", size = 43367883, upload-time = "2025-07-18T00:55:53.069Z" },
    { url = "https://files.pythonhosted.org/packages/05/d9/4d09d919f35d599bc05c6950095e358c3e15148ead26292dfca1fb659b0c/pyarrow-21.0.0-cp312-cp312-musllinux_1_2_x86_64.whl", hash = "sha256:072116f65604b822a7f22945a7a6e581cfa28e3454fdcc6939d4ff6090126623", size = 45133802, upload-time = "2025-07-18T00:55:57.714Z" },
    { url = "https://files.pythonhosted.org/packages/71/30/f3795b6e192c3ab881325ffe172e526499eb3780e306a15103a2764916a2/pyarrow-21.0.0-cp312-cp312-win_amd64.whl", hash = "sha256:cf56ec8b0a5c8c9d7021d6fd754e688104f9ebebf1bf4449613c9531f5346a18", size = 26203175, upload-time = "2025-07-18T00:56:01.364Z" },
    { url = "https://files.pythonhosted.org/packages/16/ca/c7eaa8e62db8fb37ce942b1ea0c6d7abfe3786ca193957afa25e71b81b66/pyarrow-21.0.0-cp313-cp313-macosx_12_0_arm64.whl", hash = "sha256:e99310a4ebd4479bcd1964dff9e14af33746300cb014aa4a3781738ac63baf4a", size = 31154306, upload-time = "2025-07-18T00:56:04.42Z" },
    { url = "https://files.pythonhosted.org/packages/ce/e8/e87d9e3b2489302b3a1aea709aaca4b781c5252fcb812a17ab6275a9a484/pyarrow-21.0.0-cp313-cp313-macosx_12_0_x86_64.whl", hash = "sha256:d2fe8e7f3ce329a71b7ddd7498b3cfac0eeb200c2789bd840234f0dc271a8efe", size = 32680622, upload-time = "2025-07-18T00:56:07.505Z" },
    { url = "https://files.pythonhosted.org/packages/84/52/79095d73a742aa0aba370c7942b1b655f598069489ab387fe47261a849e1/pyarrow-21.0.0-cp313-cp313-manylinux_2_28_aarch64.whl", hash = "sha256:f522e5709379d72fb3da7785aa489ff0bb87448a9dc5a75f45763a795a089ebd", size = 41104094, upload-time = "2025-07-18T00:56:10.994Z" },
    { url = "https://files.pythonhosted.org/packages/89/4b/7782438b551dbb0468892a276b8c789b8bbdb25ea5c5eb27faadd753e037/pyarrow-21.0.0-cp313-cp313-manylinux_2_28_x86_64.whl", hash = "sha256:69cbbdf0631396e9925e048cfa5bce4e8c3d3b41562bbd70c685a8eb53a91e61", size = 42825576, upload-time = "2025-07-18T00:56:15.569Z" },
    { url = "https://files.pythonhosted.org/packages/b3/62/0f29de6e0a1e33518dec92c65be0351d32d7ca351e51ec5f4f837a9aab91/pyarrow-21.0.0-cp313-cp313-musllinux_1_2_aarch64.whl", hash = "sha256:731c7022587006b755d0bdb27626a1a3bb004bb56b11fb30d98b6c1b4718579d", size = 43368342, upload-time = "2025-07-18T00:56:19.531Z" },
    { url = "https://files.pythonhosted.org/packages/90/c7/0fa1f3f29cf75f339768cc698c8ad4ddd2481c1742e9741459911c9ac477/pyarrow-21.0.0-cp313-cp313-musllinux_1_2_x86_64.whl", hash = "sha256:dc56bc708f2d8ac71bd1dcb927e458c93cec10b98eb4120206a4091db7b67b99", size = 45131218, upload-time = "2025-07-18T00:56:23.347Z" },
    { url = "https://files.pythonhosted.org/packages/01/63/581f2076465e67b23bc5a37d4a2abff8362d389d29d8105832e82c9c811c/pyarrow-21.0.0-cp313-cp313-win_amd64.whl", hash = "sha256:186aa00bca62139f75b7de8420f745f2af12941595bbbfa7ed3870ff63e25636", size = 26087551, upload-time = "2025-07-18T00:56:26.758Z" },
    { url = "https://files.pythonhosted.org/packages/c9/ab/357d0d9648bb8241ee7348e564f2479d206ebe6e1c47ac5027c2e31ecd39/pyarrow-21.0.0-cp313-cp313t-macosx_12_0_arm64.whl", hash = "sha256:a7a102574faa3f421141a64c10216e078df467ab9576684d5cd696952546e2da", size = 31290064, upload-time = "2025-07-18T00:56:30.214Z" },
    { url = "https://files.pythonhosted.org/packages/3f/8a/5685d62a990e4cac2043fc76b4661bf38d06efed55cf45a334b455bd2759/pyarrow-21.0.0-cp313-cp313t-macosx_12_0_x86_64.whl", hash = "sha256:1e005378c4a2c6db3ada3ad4c217b381f6c886f0a80d6a316fe586b90f77efd7", size = 32727837, upload-time = "2025-07-18T00:56:33.935Z" },
    { url = "https://files.pythonhosted.org/packages/fc/de/c0828ee09525c2bafefd3e736a248ebe764d07d0fd762d4f0929dbc516c9/pyarrow-21.0.0-cp313-cp313t-manylinux_2_28_aarch64.whl", hash = "sha256:65f8e85f79031449ec8706b74504a316805217b35b6099155dd7e227eef0d4b6", size = 41014158, upload-time = "2025-07-18T00:56:37.528Z" },
    { url = "https://files.pythonhosted.org/packages/6e/26/a2865c420c50b7a3748320b614f3484bfcde8347b2639b2b903b21ce6a72/pyarrow-21.0.0-cp313-cp313t-manylinux_2_28_x86_64.whl", hash = "sha256:3a81486adc665c7eb1a2bde0224cfca6ceaba344a82a971ef059678417880eb8", size = 42667885, upload-time = "2025-07-18T00:56:41.483Z" },
    { url = "https://files.pythonhosted.org/packages/0a/f9/4ee798dc902533159250fb4321267730bc0a107d8c6889e07c3add4fe3a5/pyarrow-21.0.0-cp313-cp313t-musllinux_1_2_aarch64.whl", hash = "sha256:fc0d2f88b81dcf3ccf9a6ae17f89183762c8a94a5bdcfa09e05cfe413acf0503", size = 43276625, upload-time = "2025-07-18T00:56:48.002Z" },
    { url = "https://files.pythonhosted.org/packages/5a/da/e02544d6997037a4b0d22d8e5f66bc9315c3671371a8b18c79ade1cefe14/pyarrow-21.0.0-cp313-cp313t-musllinux_1_2_x86_64.whl", hash = "sha256:6299449adf89df38537837487a4f8d3bd91ec94354fdd2a7d30bc11c48ef6e79", size = 44951890, upload-time = "2025-07-18T00:56:52.568Z" },
    { url = "https://files.pythonhosted.org/packages/e5/4e/519c1bc1876625fe6b71e9a28287c43ec2f20f73c658b9ae1d485c0c206e/pyarrow-21.0.0-cp313-cp313t-win_amd64.whl", hash = "sha256:222c39e2c70113543982c6b34f3077962b44fca38c0bd9e68bb6781534425c10", size = 26371006, upload-time = "2025-07-18T00:56:56.379Z" },
]

[[package]]
name = "taskipy"
version = "1.14.1"
source = { registry = "https://pypi.org/simple" }
dependencies = [
    { name = "colorama" },
    { name = "mslex", marker = "sys_platform == 'win32'" },
    { name = "psutil" },
    { name = "tomli", marker = "python_full_version < '4.0'" },
]
sdist = { url = "https://files.pythonhosted.org/packages/c7/44/572261df3db9c6c3332f8618fafeb07a578fd18b06673c73f000f3586749/taskipy-1.14.1.tar.gz", hash = "sha256:410fbcf89692dfd4b9f39c2b49e1750b0a7b81affd0e2d7ea8c35f9d6a4774ed", size = 14475, upload-time = "2024-11-26T16:37:46.155Z" }
wheels = [
    { url = "https://files.pythonhosted.org/packages/55/97/4e4cfb1391c81e926bebe3d68d5231b5dbc3bb41c6ba48349e68a881462d/taskipy-1.14.1-py3-none-any.whl", hash = "sha256:6e361520f29a0fd2159848e953599f9c75b1d0b047461e4965069caeb94908f1", size = 13052, upload-time = "2024-11-26T16:37:44.546Z" },
]

[[package]]
name = "tomli"
version = "2.2.1"
source = { registry = "https://pypi.org/simple" }
sdist = { url = "https://files.pythonhosted.org/packages/18/87/302344fed471e44a87289cf4967697d07e532f2421fdaf868a303cbae4ff/tomli-2.2.1.tar.gz", hash = "sha256:cd45e1dc79c835ce60f7404ec8119f2eb06d38b1deba146f07ced3bbc44505ff", size = 17175, upload-time = "2024-11-27T22:38:36.873Z" }
wheels = [
    { url = "https://files.pythonhosted.org/packages/43/ca/75707e6efa2b37c77dadb324ae7d9571cb424e61ea73fad7c56c2d14527f/tomli-2.2.1-cp311-cp311-macosx_10_9_x86_64.whl", hash = "sha256:678e4fa69e4575eb77d103de3df8a895e1591b48e740211bd1067378c69e8249", size = 131077, upload-time = "2024-11-27T22:37:54.956Z" },
    { url = "https://files.pythonhosted.org/packages/c7/16/51ae563a8615d472fdbffc43a3f3d46588c264ac4f024f63f01283becfbb/tomli-2.2.1-cp311-cp311-macosx_11_0_arm64.whl", hash = "sha256:023aa114dd824ade0100497eb2318602af309e5a55595f76b626d6d9f3b7b0a6", size = 123429, upload-time = "2024-11-27T22:37:56.698Z" },
    { url = "https://files.pythonhosted.org/packages/f1/dd/4f6cd1e7b160041db83c694abc78e100473c15d54620083dbd5aae7b990e/tomli-2.2.1-cp311-cp311-manylinux_2_17_aarch64.manylinux2014_aarch64.whl", hash = "sha256:ece47d672db52ac607a3d9599a9d48dcb2f2f735c6c2d1f34130085bb12b112a", size = 226067, upload-time = "2024-11-27T22:37:57.63Z" },
    { url = "https://files.pythonhosted.org/packages/a9/6b/c54ede5dc70d648cc6361eaf429304b02f2871a345bbdd51e993d6cdf550/tomli-2.2.1-cp311-cp311-manylinux_2_17_x86_64.manylinux2014_x86_64.whl", hash = "sha256:6972ca9c9cc9f0acaa56a8ca1ff51e7af152a9f87fb64623e31d5c83700080ee", size = 236030, upload-time = "2024-11-27T22:37:59.344Z" },
    { url = "https://files.pythonhosted.org/packages/1f/47/999514fa49cfaf7a92c805a86c3c43f4215621855d151b61c602abb38091/tomli-2.2.1-cp311-cp311-manylinux_2_5_i686.manylinux1_i686.manylinux_2_17_i686.manylinux2014_i686.whl", hash = "sha256:c954d2250168d28797dd4e3ac5cf812a406cd5a92674ee4c8f123c889786aa8e", size = 240898, upload-time = "2024-11-27T22:38:00.429Z" },
    { url = "https://files.pythonhosted.org/packages/73/41/0a01279a7ae09ee1573b423318e7934674ce06eb33f50936655071d81a24/tomli-2.2.1-cp311-cp311-musllinux_1_2_aarch64.whl", hash = "sha256:8dd28b3e155b80f4d54beb40a441d366adcfe740969820caf156c019fb5c7ec4", size = 229894, upload-time = "2024-11-27T22:38:02.094Z" },
    { url = "https://files.pythonhosted.org/packages/55/18/5d8bc5b0a0362311ce4d18830a5d28943667599a60d20118074ea1b01bb7/tomli-2.2.1-cp311-cp311-musllinux_1_2_i686.whl", hash = "sha256:e59e304978767a54663af13c07b3d1af22ddee3bb2fb0618ca1593e4f593a106", size = 245319, upload-time = "2024-11-27T22:38:03.206Z" },
    { url = "https://files.pythonhosted.org/packages/92/a3/7ade0576d17f3cdf5ff44d61390d4b3febb8a9fc2b480c75c47ea048c646/tomli-2.2.1-cp311-cp311-musllinux_1_2_x86_64.whl", hash = "sha256:33580bccab0338d00994d7f16f4c4ec25b776af3ffaac1ed74e0b3fc95e885a8", size = 238273, upload-time = "2024-11-27T22:38:04.217Z" },
    { url = "https://files.pythonhosted.org/packages/72/6f/fa64ef058ac1446a1e51110c375339b3ec6be245af9d14c87c4a6412dd32/tomli-2.2.1-cp311-cp311-win32.whl", hash = "sha256:465af0e0875402f1d226519c9904f37254b3045fc5084697cefb9bdde1ff99ff", size = 98310, upload-time = "2024-11-27T22:38:05.908Z" },
    { url = "https://files.pythonhosted.org/packages/6a/1c/4a2dcde4a51b81be3530565e92eda625d94dafb46dbeb15069df4caffc34/tomli-2.2.1-cp311-cp311-win_amd64.whl", hash = "sha256:2d0f2fdd22b02c6d81637a3c95f8cd77f995846af7414c5c4b8d0545afa1bc4b", size = 108309, upload-time = "2024-11-27T22:38:06.812Z" },
    { url = "https://files.pythonhosted.org/packages/52/e1/f8af4c2fcde17500422858155aeb0d7e93477a0d59a98e56cbfe75070fd0/tomli-2.2.1-cp312-cp312-macosx_10_13_x86_64.whl", hash = "sha256:4a8f6e44de52d5e6c657c9fe83b562f5f4256d8ebbfe4ff922c495620a7f6cea", size = 132762, upload-time = "2024-11-27T22:38:07.731Z" },
    { url = "https://files.pythonhosted.org/packages/03/b8/152c68bb84fc00396b83e7bbddd5ec0bd3dd409db4195e2a9b3e398ad2e3/tomli-2.2.1-cp312-cp312-macosx_11_0_arm64.whl", hash = "sha256:8d57ca8095a641b8237d5b079147646153d22552f1c637fd3ba7f4b0b29167a8", size = 123453, upload-time = "2024-11-27T22:38:09.384Z" },
    { url = "https://files.pythonhosted.org/packages/c8/d6/fc9267af9166f79ac528ff7e8c55c8181ded34eb4b0e93daa767b8841573/tomli-2.2.1-cp312-cp312-manylinux_2_17_aarch64.manylinux2014_aarch64.whl", hash = "sha256:4e340144ad7ae1533cb897d406382b4b6fede8890a03738ff1683af800d54192", size = 233486, upload-time = "2024-11-27T22:38:10.329Z" },
    { url = "https://files.pythonhosted.org/packages/5c/51/51c3f2884d7bab89af25f678447ea7d297b53b5a3b5730a7cb2ef6069f07/tomli-2.2.1-cp312-cp312-manylinux_2_17_x86_64.manylinux2014_x86_64.whl", hash = "sha256:db2b95f9de79181805df90bedc5a5ab4c165e6ec3fe99f970d0e302f384ad222", size = 242349, upload-time = "2024-11-27T22:38:11.443Z" },
    { url = "https://files.pythonhosted.org/packages/ab/df/bfa89627d13a5cc22402e441e8a931ef2108403db390ff3345c05253935e/tomli-2.2.1-cp312-cp312-manylinux_2_5_i686.manylinux1_i686.manylinux_2_17_i686.manylinux2014_i686.whl", hash = "sha256:40741994320b232529c802f8bc86da4e1aa9f413db394617b9a256ae0f9a7f77", size = 252159, upload-time = "2024-11-27T22:38:13.099Z" },
    { url = "https://files.pythonhosted.org/packages/9e/6e/fa2b916dced65763a5168c6ccb91066f7639bdc88b48adda990db10c8c0b/tomli-2.2.1-cp312-cp312-musllinux_1_2_aarch64.whl", hash = "sha256:400e720fe168c0f8521520190686ef8ef033fb19fc493da09779e592861b78c6", size = 237243, upload-time = "2024-11-27T22:38:14.766Z" },
    { url = "https://files.pythonhosted.org/packages/b4/04/885d3b1f650e1153cbb93a6a9782c58a972b94ea4483ae4ac5cedd5e4a09/tomli-2.2.1-cp312-cp312-musllinux_1_2_i686.whl", hash = "sha256:02abe224de6ae62c19f090f68da4e27b10af2b93213d36cf44e6e1c5abd19fdd", size = 259645, upload-time = "2024-11-27T22:38:15.843Z" },
    { url = "https://files.pythonhosted.org/packages/9c/de/6b432d66e986e501586da298e28ebeefd3edc2c780f3ad73d22566034239/tomli-2.2.1-cp312-cp312-musllinux_1_2_x86_64.whl", hash = "sha256:b82ebccc8c8a36f2094e969560a1b836758481f3dc360ce9a3277c65f374285e", size = 244584, upload-time = "2024-11-27T22:38:17.645Z" },
    { url = "https://files.pythonhosted.org/packages/1c/9a/47c0449b98e6e7d1be6cbac02f93dd79003234ddc4aaab6ba07a9a7482e2/tomli-2.2.1-cp312-cp312-win32.whl", hash = "sha256:889f80ef92701b9dbb224e49ec87c645ce5df3fa2cc548664eb8a25e03127a98", size = 98875, upload-time = "2024-11-27T22:38:19.159Z" },
    { url = "https://files.pythonhosted.org/packages/ef/60/9b9638f081c6f1261e2688bd487625cd1e660d0a85bd469e91d8db969734/tomli-2.2.1-cp312-cp312-win_amd64.whl", hash = "sha256:7fc04e92e1d624a4a63c76474610238576942d6b8950a2d7f908a340494e67e4", size = 109418, upload-time = "2024-11-27T22:38:20.064Z" },
    { url = "https://files.pythonhosted.org/packages/04/90/2ee5f2e0362cb8a0b6499dc44f4d7d48f8fff06d28ba46e6f1eaa61a1388/tomli-2.2.1-cp313-cp313-macosx_10_13_x86_64.whl", hash = "sha256:f4039b9cbc3048b2416cc57ab3bda989a6fcf9b36cf8937f01a6e731b64f80d7", size = 132708, upload-time = "2024-11-27T22:38:21.659Z" },
    { url = "https://files.pythonhosted.org/packages/c0/ec/46b4108816de6b385141f082ba99e315501ccd0a2ea23db4a100dd3990ea/tomli-2.2.1-cp313-cp313-macosx_11_0_arm64.whl", hash = "sha256:286f0ca2ffeeb5b9bd4fcc8d6c330534323ec51b2f52da063b11c502da16f30c", size = 123582, upload-time = "2024-11-27T22:38:22.693Z" },
    { url = "https://files.pythonhosted.org/packages/a0/bd/b470466d0137b37b68d24556c38a0cc819e8febe392d5b199dcd7f578365/tomli-2.2.1-cp313-cp313-manylinux_2_17_aarch64.manylinux2014_aarch64.whl", hash = "sha256:a92ef1a44547e894e2a17d24e7557a5e85a9e1d0048b0b5e7541f76c5032cb13", size = 232543, upload-time = "2024-11-27T22:38:24.367Z" },
    { url = "https://files.pythonhosted.org/packages/d9/e5/82e80ff3b751373f7cead2815bcbe2d51c895b3c990686741a8e56ec42ab/tomli-2.2.1-cp313-cp313-manylinux_2_17_x86_64.manylinux2014_x86_64.whl", hash = "sha256:9316dc65bed1684c9a98ee68759ceaed29d229e985297003e494aa825ebb0281", size = 241691, upload-time = "2024-11-27T22:38:26.081Z" },
    { url = "https://files.pythonhosted.org/packages/05/7e/2a110bc2713557d6a1bfb06af23dd01e7dde52b6ee7dadc589868f9abfac/tomli-2.2.1-cp313-cp313-manylinux_2_5_i686.manylinux1_i686.manylinux_2_17_i686.manylinux2014_i686.whl", hash = "sha256:e85e99945e688e32d5a35c1ff38ed0b3f41f43fad8df0bdf79f72b2ba7bc5272", size = 251170, upload-time = "2024-11-27T22:38:27.921Z" },
    { url = "https://files.pythonhosted.org/packages/64/7b/22d713946efe00e0adbcdfd6d1aa119ae03fd0b60ebed51ebb3fa9f5a2e5/tomli-2.2.1-cp313-cp313-musllinux_1_2_aarch64.whl", hash = "sha256:ac065718db92ca818f8d6141b5f66369833d4a80a9d74435a268c52bdfa73140", size = 236530, upload-time = "2024-11-27T22:38:29.591Z" },
    { url = "https://files.pythonhosted.org/packages/38/31/3a76f67da4b0cf37b742ca76beaf819dca0ebef26d78fc794a576e08accf/tomli-2.2.1-cp313-cp313-musllinux_1_2_i686.whl", hash = "sha256:d920f33822747519673ee656a4b6ac33e382eca9d331c87770faa3eef562aeb2", size = 258666, upload-time = "2024-11-27T22:38:30.639Z" },
    { url = "https://files.pythonhosted.org/packages/07/10/5af1293da642aded87e8a988753945d0cf7e00a9452d3911dd3bb354c9e2/tomli-2.2.1-cp313-cp313-musllinux_1_2_x86_64.whl", hash = "sha256:a198f10c4d1b1375d7687bc25294306e551bf1abfa4eace6650070a5c1ae2744", size = 243954, upload-time = "2024-11-27T22:38:31.702Z" },
    { url = "https://files.pythonhosted.org/packages/5b/b9/1ed31d167be802da0fc95020d04cd27b7d7065cc6fbefdd2f9186f60d7bd/tomli-2.2.1-cp313-cp313-win32.whl", hash = "sha256:d3f5614314d758649ab2ab3a62d4f2004c825922f9e370b29416484086b264ec", size = 98724, upload-time = "2024-11-27T22:38:32.837Z" },
    { url = "https://files.pythonhosted.org/packages/c7/32/b0963458706accd9afcfeb867c0f9175a741bf7b19cd424230714d722198/tomli-2.2.1-cp313-cp313-win_amd64.whl", hash = "sha256:a38aa0308e754b0e3c67e344754dff64999ff9b513e691d0e786265c93583c69", size = 109383, upload-time = "2024-11-27T22:38:34.455Z" },
    { url = "https://files.pythonhosted.org/packages/6e/c2/61d3e0f47e2b74ef40a68b9e6ad5984f6241a942f7cd3bbfbdbd03861ea9/tomli-2.2.1-py3-none-any.whl", hash = "sha256:cb55c73c5f4408779d0cf3eef9f762b9c9f147a77de7b258bef0a5628adc85cc", size = 14257, upload-time = "2024-11-27T22:38:35.385Z" },
]
